
Microsoft Visual Studio Solution File, Format Version 12.00
# Visual Studio Version 17
VisualStudioVersion = 17.7.34024.191
MinimumVisualStudioVersion = 10.0.40219.1
Project("{FAE04EC0-301F-11D3-BF4B-00C04F79EFBC}") = "ShippingStudio.Data", "ShippingStudio.Data\ShippingStudio.Data.csproj", "{27702787-C256-4935-9A2F-125B33BE694C}"
EndProject
Project("{FAE04EC0-301F-11D3-BF4B-00C04F79EFBC}") = "ShippingStudio.Domain", "ShippingStudio.Domain\ShippingStudio.Domain.csproj", "{061766F1-8941-45A3-94AB-4954E4DABF4C}"
EndProject
Project("{FAE04EC0-301F-11D3-BF4B-00C04F79EFBC}") = "ShippingStudio.Services.Api", "ShippingStudio.Services.Api\ShippingStudio.Services.Api.csproj", "{844ED721-A390-4D7D-AE6A-5D2F8CE3C33F}"
EndProject
Global
	GlobalSection(SolutionConfigurationPlatforms) = preSolution
		Debug|Any CPU = Debug|Any CPU
		Release|Any CPU = Release|Any CPU
	EndGlobalSection
	GlobalSection(ProjectConfigurationPlatforms) = postSolution
		{27702787-C256-4935-9A2F-125B33BE694C}.Debug|Any CPU.ActiveCfg = Debug|Any CPU
		{27702787-C256-4935-9A2F-125B33BE694C}.Debug|Any CPU.Build.0 = Debug|Any CPU
		{27702787-C256-4935-9A2F-125B33BE694C}.Release|Any CPU.ActiveCfg = Release|Any CPU
		{27702787-C256-4935-9A2F-125B33BE694C}.Release|Any CPU.Build.0 = Release|Any CPU
		{061766F1-8941-45A3-94AB-4954E4DABF4C}.Debug|Any CPU.ActiveCfg = Debug|Any CPU
		{061766F1-8941-45A3-94AB-4954E4DABF4C}.Debug|Any CPU.Build.0 = Debug|Any CPU
		{061766F1-8941-45A3-94AB-4954E4DABF4C}.Release|Any CPU.ActiveCfg = Release|Any CPU
		{061766F1-8941-45A3-94AB-4954E4DABF4C}.Release|Any CPU.Build.0 = Release|Any CPU
		{844ED721-A390-4D7D-AE6A-5D2F8CE3C33F}.Debug|Any CPU.ActiveCfg = Debug|Any CPU
		{844ED721-A390-4D7D-AE6A-5D2F8CE3C33F}.Debug|Any CPU.Build.0 = Debug|Any CPU
		{844ED721-A390-4D7D-AE6A-5D2F8CE3C33F}.Release|Any CPU.ActiveCfg = Release|Any CPU
		{844ED721-A390-4D7D-AE6A-5D2F8CE3C33F}.Release|Any CPU.Build.0 = Release|Any CPU
	EndGlobalSection
	GlobalSection(SolutionProperties) = preSolution
		HideSolutionNode = FALSE
	EndGlobalSection
	GlobalSection(ExtensibilityGlobals) = postSolution
		SolutionGuid = {F7B864C0-06FB-4C18-9661-DFDB4CAC03FE}
	EndGlobalSection
EndGlobal
